
Microsoft Visual Studio Solution File, Format Version 12.00
# Visual Studio Version 16
VisualStudioVersion = 16.0.29806.167
MinimumVisualStudioVersion = 10.0.40219.1
Project("{9A19103F-16F7-4668-BE54-9A1E7A4F7556}") = "TabletopDirector.GameMaster", "TabletopDirector.GameMaster\TabletopDirector.GameMaster.csproj", "{46869E24-CFA4-4FB1-BC65-CF3E541E6C81}"
EndProject
Project("{9A19103F-16F7-4668-BE54-9A1E7A4F7556}") = "TabletopDirector.Rules.D6", "TabletopDirector.Rules.D6\TabletopDirector.Rules.D6.csproj", "{A44B54EC-B129-4AEF-978A-2BF4E8CD9783}"
EndProject
Project("{E53339B2-1760-4266-BCC7-CA923CBCF16C}") = "docker-compose", "docker-compose.dcproj", "{2DED29B1-2B00-424C-9B50-EFBFD9AF9167}"
EndProject
Project("{9A19103F-16F7-4668-BE54-9A1E7A4F7556}") = "TabletopDirector.Communications", "TabletopDirector.Communications\TabletopDirector.Communications.csproj", "{6A9F836F-2EAF-4860-9A6F-70838CD05764}"
EndProject
Project("{9A19103F-16F7-4668-BE54-9A1E7A4F7556}") = "TabletopDirector", "TabletopDirector\TabletopDirector.csproj", "{89EFB588-548F-4FDD-BFCD-D4300397D1BE}"
EndProject
Project("{9A19103F-16F7-4668-BE54-9A1E7A4F7556}") = "Frontend", "Frontend\Frontend.csproj", "{AAD43A88-0FB1-4E5B-82CA-5321941750F2}"
EndProject
Project("{9A19103F-16F7-4668-BE54-9A1E7A4F7556}") = "TabletopDirector.Rules", "TabletopDirector.Rules\TabletopDirector.Rules.csproj", "{47C2751B-D1D0-49E4-926C-85CE85645EF8}"
EndProject
Project("{9A19103F-16F7-4668-BE54-9A1E7A4F7556}") = "TabletopDirector.Player", "TabletopDirector.Player\TabletopDirector.Player.csproj", "{D044862B-603D-41C0-A817-65C4AB2B5238}"
EndProject
Project("{9A19103F-16F7-4668-BE54-9A1E7A4F7556}") = "TabletopDirector.Utilities", "TabletopDirector.Utilities\TabletopDirector.Utilities.csproj", "{96EA9794-96CD-4ADA-B9C6-FAF0F1DE8BD9}"
EndProject
Global
	GlobalSection(SolutionConfigurationPlatforms) = preSolution
		Debug|Any CPU = Debug|Any CPU
		Release|Any CPU = Release|Any CPU
	EndGlobalSection
	GlobalSection(ProjectConfigurationPlatforms) = postSolution
		{46869E24-CFA4-4FB1-BC65-CF3E541E6C81}.Debug|Any CPU.ActiveCfg = Debug|Any CPU
		{46869E24-CFA4-4FB1-BC65-CF3E541E6C81}.Debug|Any CPU.Build.0 = Debug|Any CPU
		{46869E24-CFA4-4FB1-BC65-CF3E541E6C81}.Release|Any CPU.ActiveCfg = Release|Any CPU
		{46869E24-CFA4-4FB1-BC65-CF3E541E6C81}.Release|Any CPU.Build.0 = Release|Any CPU
		{A44B54EC-B129-4AEF-978A-2BF4E8CD9783}.Debug|Any CPU.ActiveCfg = Debug|Any CPU
		{A44B54EC-B129-4AEF-978A-2BF4E8CD9783}.Debug|Any CPU.Build.0 = Debug|Any CPU
		{A44B54EC-B129-4AEF-978A-2BF4E8CD9783}.Release|Any CPU.ActiveCfg = Release|Any CPU
		{A44B54EC-B129-4AEF-978A-2BF4E8CD9783}.Release|Any CPU.Build.0 = Release|Any CPU
		{2DED29B1-2B00-424C-9B50-EFBFD9AF9167}.Debug|Any CPU.ActiveCfg = Debug|Any CPU
		{2DED29B1-2B00-424C-9B50-EFBFD9AF9167}.Debug|Any CPU.Build.0 = Debug|Any CPU
		{2DED29B1-2B00-424C-9B50-EFBFD9AF9167}.Release|Any CPU.ActiveCfg = Release|Any CPU
		{2DED29B1-2B00-424C-9B50-EFBFD9AF9167}.Release|Any CPU.Build.0 = Release|Any CPU
		{6A9F836F-2EAF-4860-9A6F-70838CD05764}.Debug|Any CPU.ActiveCfg = Debug|Any CPU
		{6A9F836F-2EAF-4860-9A6F-70838CD05764}.Debug|Any CPU.Build.0 = Debug|Any CPU
		{6A9F836F-2EAF-4860-9A6F-70838CD05764}.Release|Any CPU.ActiveCfg = Release|Any CPU
		{6A9F836F-2EAF-4860-9A6F-70838CD05764}.Release|Any CPU.Build.0 = Release|Any CPU
		{89EFB588-548F-4FDD-BFCD-D4300397D1BE}.Debug|Any CPU.ActiveCfg = Debug|Any CPU
		{89EFB588-548F-4FDD-BFCD-D4300397D1BE}.Debug|Any CPU.Build.0 = Debug|Any CPU
		{89EFB588-548F-4FDD-BFCD-D4300397D1BE}.Release|Any CPU.ActiveCfg = Release|Any CPU
		{89EFB588-548F-4FDD-BFCD-D4300397D1BE}.Release|Any CPU.Build.0 = Release|Any CPU
		{AAD43A88-0FB1-4E5B-82CA-5321941750F2}.Debug|Any CPU.ActiveCfg = Debug|Any CPU
		{AAD43A88-0FB1-4E5B-82CA-5321941750F2}.Debug|Any CPU.Build.0 = Debug|Any CPU
		{AAD43A88-0FB1-4E5B-82CA-5321941750F2}.Release|Any CPU.ActiveCfg = Release|Any CPU
		{AAD43A88-0FB1-4E5B-82CA-5321941750F2}.Release|Any CPU.Build.0 = Release|Any CPU
		{47C2751B-D1D0-49E4-926C-85CE85645EF8}.Debug|Any CPU.ActiveCfg = Debug|Any CPU
		{47C2751B-D1D0-49E4-926C-85CE85645EF8}.Debug|Any CPU.Build.0 = Debug|Any CPU
		{47C2751B-D1D0-49E4-926C-85CE85645EF8}.Release|Any CPU.ActiveCfg = Release|Any CPU
		{47C2751B-D1D0-49E4-926C-85CE85645EF8}.Release|Any CPU.Build.0 = Release|Any CPU
		{D044862B-603D-41C0-A817-65C4AB2B5238}.Debug|Any CPU.ActiveCfg = Debug|Any CPU
		{D044862B-603D-41C0-A817-65C4AB2B5238}.Debug|Any CPU.Build.0 = Debug|Any CPU
		{D044862B-603D-41C0-A817-65C4AB2B5238}.Release|Any CPU.ActiveCfg = Release|Any CPU
		{D044862B-603D-41C0-A817-65C4AB2B5238}.Release|Any CPU.Build.0 = Release|Any CPU
		{96EA9794-96CD-4ADA-B9C6-FAF0F1DE8BD9}.Debug|Any CPU.ActiveCfg = Debug|Any CPU
		{96EA9794-96CD-4ADA-B9C6-FAF0F1DE8BD9}.Debug|Any CPU.Build.0 = Debug|Any CPU
		{96EA9794-96CD-4ADA-B9C6-FAF0F1DE8BD9}.Release|Any CPU.ActiveCfg = Release|Any CPU
		{96EA9794-96CD-4ADA-B9C6-FAF0F1DE8BD9}.Release|Any CPU.Build.0 = Release|Any CPU
	EndGlobalSection
	GlobalSection(SolutionProperties) = preSolution
		HideSolutionNode = FALSE
	EndGlobalSection
	GlobalSection(ExtensibilityGlobals) = postSolution
		SolutionGuid = {DE7C187D-A530-4F6D-A789-9FC941FC8F20}
	EndGlobalSection
EndGlobal
